{
    "_readme": [
        "This file locks the dependencies of your project to a known state",
        "Read more about it at https://getcomposer.org/doc/01-basic-usage.md#installing-dependencies",
        "This file is @generated automatically"
    ],
    "content-hash": "c2729231e230aaaa1cc55d7ef4947e40",
    "packages": [
        {
            "name": "glivers/rackage",
            "version": "v3.0.0",
            "source": {
                "type": "git",
                "url": "https://github.com/glivers/rackage.git",
                "reference": "1d67d53e4e84383ce6a25e9c655bf9fbf7f327b4"
            },
            "dist": {
                "type": "zip",
                "url": "https://api.github.com/repos/glivers/rackage/zipball/1d67d53e4e84383ce6a25e9c655bf9fbf7f327b4",
                "reference": "1d67d53e4e84383ce6a25e9c655bf9fbf7f327b4",
                "shasum": ""
            },
            "type": "package",
            "autoload": {
                "psr-4": {
                    "Rackage\\": "src"
                }
            },
            "notification-url": "https://packagist.org/downloads/",
            "license": [
                "MIT"
            ],
            "authors": [
                {
                    "name": "Geoffrey Okongo",
                    "email": "code@rachie.dev"
                }
            ],
            "description": "This is a collection of all the PHP classes that make Rachie a real MVC framework",
            "support": {
                "issues": "https://github.com/glivers/rackage/issues",
                "source": "https://github.com/glivers/rackage/tree/v3.0.0"
            },
            "time": "2025-03-12T06:20:46+00:00"
        }
    ],
    "packages-dev": [],
    "aliases": [],
    "minimum-stability": "stable",
    "stability-flags": [],
    "prefer-stable": false,
    "prefer-lowest": false,
    "platform": {
        "php": ">=5.6.0"
    },
    "platform-dev": [],
    "plugin-api-version": "2.2.0"
}
